
Microsoft Visual Studio Solution File, Format Version 12.00
# Visual Studio Version 16
VisualStudioVersion = 16.0.30002.166
MinimumVisualStudioVersion = 10.0.40219.1
Project("{9A19103F-16F7-4668-BE54-9A1E7A4F7556}") = "AnbimaConsumer.Application", "AnbimaConsumer.Application\AnbimaConsumer.Application.csproj", "{C35C85BC-20B2-4804-AD36-0FEA4D42A0E3}"
EndProject
Project("{9A19103F-16F7-4668-BE54-9A1E7A4F7556}") = "AnbimaConsumer.Domain", "AnbimaConsumer.Domain\AnbimaConsumer.Domain.csproj", "{2C0F7A67-FBF4-4EB6-86EC-B4154E138EF9}"
EndProject
Project("{FAE04EC0-301F-11D3-BF4B-00C04F79EFBC}") = "AnbimaConsumer.API", "AnbimaConsumer.API\AnbimaConsumer.API.csproj", "{FF858718-646C-4CDA-822D-6BFEA0C476B2}"
EndProject
Project("{2150E333-8FDC-42A3-9474-1A3956D46DE8}") = "Solution Items", "Solution Items", "{D180FE93-B7DA-4237-83FB-0DBE40759421}"
	ProjectSection(SolutionItems) = preProject
		Dockerfile = Dockerfile
		README.MD = README.MD
	EndProjectSection
EndProject
Global
	GlobalSection(SolutionConfigurationPlatforms) = preSolution
		Debug|Any CPU = Debug|Any CPU
		Release|Any CPU = Release|Any CPU
	EndGlobalSection
	GlobalSection(ProjectConfigurationPlatforms) = postSolution
		{C35C85BC-20B2-4804-AD36-0FEA4D42A0E3}.Debug|Any CPU.ActiveCfg = Debug|Any CPU
		{C35C85BC-20B2-4804-AD36-0FEA4D42A0E3}.Debug|Any CPU.Build.0 = Debug|Any CPU
		{C35C85BC-20B2-4804-AD36-0FEA4D42A0E3}.Release|Any CPU.ActiveCfg = Release|Any CPU
		{C35C85BC-20B2-4804-AD36-0FEA4D42A0E3}.Release|Any CPU.Build.0 = Release|Any CPU
		{2C0F7A67-FBF4-4EB6-86EC-B4154E138EF9}.Debug|Any CPU.ActiveCfg = Debug|Any CPU
		{2C0F7A67-FBF4-4EB6-86EC-B4154E138EF9}.Debug|Any CPU.Build.0 = Debug|Any CPU
		{2C0F7A67-FBF4-4EB6-86EC-B4154E138EF9}.Release|Any CPU.ActiveCfg = Release|Any CPU
		{2C0F7A67-FBF4-4EB6-86EC-B4154E138EF9}.Release|Any CPU.Build.0 = Release|Any CPU
		{FF858718-646C-4CDA-822D-6BFEA0C476B2}.Debug|Any CPU.ActiveCfg = Debug|Any CPU
		{FF858718-646C-4CDA-822D-6BFEA0C476B2}.Debug|Any CPU.Build.0 = Debug|Any CPU
		{FF858718-646C-4CDA-822D-6BFEA0C476B2}.Release|Any CPU.ActiveCfg = Release|Any CPU
		{FF858718-646C-4CDA-822D-6BFEA0C476B2}.Release|Any CPU.Build.0 = Release|Any CPU
	EndGlobalSection
	GlobalSection(SolutionProperties) = preSolution
		HideSolutionNode = FALSE
	EndGlobalSection
	GlobalSection(ExtensibilityGlobals) = postSolution
		SolutionGuid = {FD90CE3F-6470-4697-910E-DC5AADE79E3C}
	EndGlobalSection
EndGlobal
